
Microsoft Visual Studio Solution File, Format Version 12.00
# Visual Studio Version 17
VisualStudioVersion = 17.1.32328.378
MinimumVisualStudioVersion = 10.0.40219.1
Project("{9A19103F-16F7-4668-BE54-9A1E7A4F7556}") = "CommandMe", "CommandMe\CommandMe.csproj", "{DD7E8D7B-EE49-424F-B1CE-629C5E924A62}"
EndProject
Project("{FAE04EC0-301F-11D3-BF4B-00C04F79EFBC}") = "CommandMe.Data", "CommandMe.Data\CommandMe.Data.csproj", "{CF0A197B-702C-4CC5-89D6-06BC852D4814}"
EndProject
Project("{FAE04EC0-301F-11D3-BF4B-00C04F79EFBC}") = "CommandMe.Test", "CommandMe.Test\CommandMe.Test.csproj", "{CCB7F3EB-B77D-4F0B-90EF-4D8502ABD921}"
EndProject
Global
	GlobalSection(SolutionConfigurationPlatforms) = preSolution
		Debug|Any CPU = Debug|Any CPU
		Release|Any CPU = Release|Any CPU
	EndGlobalSection
	GlobalSection(ProjectConfigurationPlatforms) = postSolution
		{DD7E8D7B-EE49-424F-B1CE-629C5E924A62}.Debug|Any CPU.ActiveCfg = Debug|Any CPU
		{DD7E8D7B-EE49-424F-B1CE-629C5E924A62}.Debug|Any CPU.Build.0 = Debug|Any CPU
		{DD7E8D7B-EE49-424F-B1CE-629C5E924A62}.Release|Any CPU.ActiveCfg = Release|Any CPU
		{DD7E8D7B-EE49-424F-B1CE-629C5E924A62}.Release|Any CPU.Build.0 = Release|Any CPU
		{CF0A197B-702C-4CC5-89D6-06BC852D4814}.Debug|Any CPU.ActiveCfg = Debug|Any CPU
		{CF0A197B-702C-4CC5-89D6-06BC852D4814}.Debug|Any CPU.Build.0 = Debug|Any CPU
		{CF0A197B-702C-4CC5-89D6-06BC852D4814}.Release|Any CPU.ActiveCfg = Release|Any CPU
		{CF0A197B-702C-4CC5-89D6-06BC852D4814}.Release|Any CPU.Build.0 = Release|Any CPU
		{CCB7F3EB-B77D-4F0B-90EF-4D8502ABD921}.Debug|Any CPU.ActiveCfg = Debug|Any CPU
		{CCB7F3EB-B77D-4F0B-90EF-4D8502ABD921}.Debug|Any CPU.Build.0 = Debug|Any CPU
		{CCB7F3EB-B77D-4F0B-90EF-4D8502ABD921}.Release|Any CPU.ActiveCfg = Release|Any CPU
		{CCB7F3EB-B77D-4F0B-90EF-4D8502ABD921}.Release|Any CPU.Build.0 = Release|Any CPU
	EndGlobalSection
	GlobalSection(SolutionProperties) = preSolution
		HideSolutionNode = FALSE
	EndGlobalSection
	GlobalSection(ExtensibilityGlobals) = postSolution
		SolutionGuid = {3F3DFB74-F74A-403F-8FF5-9DF1612FED2D}
	EndGlobalSection
EndGlobal
